{
  "name": "Thumbnail-Game",
  "lockfileVersion": 2,
  "requires": true,
  "packages": {
    "": {
      "dependencies": {
        "@types/three": "^0.129.1"
      }
    },
    "node_modules/@types/three": {
      "version": "0.129.1",
      "resolved": "https://registry.npmjs.org/@types/three/-/three-0.129.1.tgz",
      "integrity": "sha512-31VTcjAQNggIrCH9NVotTYsr5Ws/QMGGTaMK6RP3EgyzW2WEuZdm25TNidd6PJ3e4a6/hbswNacnTsjwc7ksbw=="
    }
  },
  "dependencies": {
    "@types/three": {
      "version": "0.129.1",
      "resolved": "https://registry.npmjs.org/@types/three/-/three-0.129.1.tgz",
      "integrity": "sha512-31VTcjAQNggIrCH9NVotTYsr5Ws/QMGGTaMK6RP3EgyzW2WEuZdm25TNidd6PJ3e4a6/hbswNacnTsjwc7ksbw=="
    }
  }
}
